
Microsoft Visual Studio Solution File, Format Version 12.00
# Visual Studio Version 16
VisualStudioVersion = 16.0.30717.126
MinimumVisualStudioVersion = 10.0.40219.1
Project("{9A19103F-16F7-4668-BE54-9A1E7A4F7556}") = "SpecFlowNunit", "SpecFlowNunit.csproj", "{623E615C-3CDA-434D-AE26-04B14A30E228}"
EndProject
Global
	GlobalSection(SolutionConfigurationPlatforms) = preSolution
		Debug|Any CPU = Debug|Any CPU
		Release|Any CPU = Release|Any CPU
	EndGlobalSection
	GlobalSection(ProjectConfigurationPlatforms) = postSolution
		{623E615C-3CDA-434D-AE26-04B14A30E228}.Debug|Any CPU.ActiveCfg = Debug|Any CPU
		{623E615C-3CDA-434D-AE26-04B14A30E228}.Debug|Any CPU.Build.0 = Debug|Any CPU
		{623E615C-3CDA-434D-AE26-04B14A30E228}.Release|Any CPU.ActiveCfg = Release|Any CPU
		{623E615C-3CDA-434D-AE26-04B14A30E228}.Release|Any CPU.Build.0 = Release|Any CPU
	EndGlobalSection
	GlobalSection(SolutionProperties) = preSolution
		HideSolutionNode = FALSE
	EndGlobalSection
	GlobalSection(ExtensibilityGlobals) = postSolution
		SolutionGuid = {16A6C252-FEA1-4A18-B929-79AF56E4E5AF}
	EndGlobalSection
EndGlobal
